
Microsoft Visual Studio Solution File, Format Version 10.00
# Visual Studio 2008
Project("{FAE04EC0-301F-11D3-BF4B-00C04F79EFBC}") = "build", "build\build.csproj", "{B8505B10-85C7-45F4-B039-D364DD556D7D}"
EndProject
Project("{2150E333-8FDC-42A3-9474-1A3956D46DE8}") = "client", "client", "{07187CAA-7272-4E29-A736-5CBD5118D40B}"
EndProject
Project("{FAE04EC0-301F-11D3-BF4B-00C04F79EFBC}") = "boot", "product\client\boot\boot.csproj", "{2DB82691-BF15-4538-8C5E-6BF8F4F875A9}"
EndProject
Project("{FAE04EC0-301F-11D3-BF4B-00C04F79EFBC}") = "database", "product\client\database\database.csproj", "{580E68A8-EDEE-4350-8BBE-A053645B0F83}"
EndProject
Project("{FAE04EC0-301F-11D3-BF4B-00C04F79EFBC}") = "domain", "product\client\domain\domain.csproj", "{BE790BCC-4412-473F-9D0A-5AA48FE7A74F}"
EndProject
Project("{FAE04EC0-301F-11D3-BF4B-00C04F79EFBC}") = "domain.services", "product\client\domain.services\domain.services.csproj", "{F04F922F-C0CC-45FC-BD33-A758BD1B8B36}"
EndProject
Project("{FAE04EC0-301F-11D3-BF4B-00C04F79EFBC}") = "dto", "product\client\dto\dto.csproj", "{ACF52FAB-435B-48C9-A383-C787CB2D8000}"
EndProject
Project("{FAE04EC0-301F-11D3-BF4B-00C04F79EFBC}") = "presentation", "product\client\presentation\presentation.csproj", "{D7C83DB3-492D-4514-8C53-C57AD8E7ACE7}"
EndProject
Project("{FAE04EC0-301F-11D3-BF4B-00C04F79EFBC}") = "service", "product\client\service\service.csproj", "{7EA4C557-6EF2-4B1F-85C8-5B3F51BAD8DB}"
EndProject
Project("{FAE04EC0-301F-11D3-BF4B-00C04F79EFBC}") = "service.contracts", "product\client\service.contracts\service.contracts.csproj", "{41D2B68B-031B-44FF-BAC5-7752D9E29F94}"
EndProject
Project("{FAE04EC0-301F-11D3-BF4B-00C04F79EFBC}") = "service.infrastructure", "product\client\service.infrastructure\service.infrastructure.csproj", "{81412692-F3EE-4FBF-A7C7-69454DD1BD46}"
EndProject
Project("{2150E333-8FDC-42A3-9474-1A3956D46DE8}") = "commons", "commons", "{099D479D-7BFC-428E-A897-9189C294C9C8}"
EndProject
Project("{FAE04EC0-301F-11D3-BF4B-00C04F79EFBC}") = "infrastructure", "product\commons\infrastructure\infrastructure.csproj", "{AA5EEED9-4531-45F7-AFCD-AD9717D2E405}"
EndProject
Project("{FAE04EC0-301F-11D3-BF4B-00C04F79EFBC}") = "infrastructure.thirdparty", "product\commons\infrastructure.thirdparty\infrastructure.thirdparty.csproj", "{04DC09B4-5DF9-44A6-8DD1-05941F0D0228}"
EndProject
Project("{FAE04EC0-301F-11D3-BF4B-00C04F79EFBC}") = "infrastructure.thirdparty.log4net", "product\commons\infrastructure.thirdparty.log4net\infrastructure.thirdparty.log4net.csproj", "{6BDCB0C1-51E1-435A-93D8-CA02BF8E409C}"
EndProject
Project("{FAE04EC0-301F-11D3-BF4B-00C04F79EFBC}") = "utility", "product\commons\utility\utility.csproj", "{DD8FD29E-7424-415C-9BA3-7D9F6ECBA161}"
EndProject
Project("{2150E333-8FDC-42A3-9474-1A3956D46DE8}") = "support", "support", "{842107F2-46AF-4FF8-BF8B-0907B3C4B6D6}"
EndProject
Project("{FAE04EC0-301F-11D3-BF4B-00C04F79EFBC}") = "tests", "product\tests\tests.csproj", "{8DA6C771-9E24-42A0-BDC5-B56D277E99CD}"
EndProject
Project("{FAE04EC0-301F-11D3-BF4B-00C04F79EFBC}") = "presentation.winforms", "product\client\presentation.winforms\presentation.winforms.csproj", "{F3E06696-0CD2-46EE-B117-A05C1E7E8CD8}"
EndProject
Global
	GlobalSection(SolutionConfigurationPlatforms) = preSolution
		Debug|Any CPU = Debug|Any CPU
		Release|Any CPU = Release|Any CPU
	EndGlobalSection
	GlobalSection(ProjectConfigurationPlatforms) = postSolution
		{B8505B10-85C7-45F4-B039-D364DD556D7D}.Debug|Any CPU.ActiveCfg = Debug|Any CPU
		{B8505B10-85C7-45F4-B039-D364DD556D7D}.Release|Any CPU.ActiveCfg = Release|Any CPU
		{B8505B10-85C7-45F4-B039-D364DD556D7D}.Release|Any CPU.Build.0 = Release|Any CPU
		{2DB82691-BF15-4538-8C5E-6BF8F4F875A9}.Debug|Any CPU.ActiveCfg = Debug|Any CPU
		{2DB82691-BF15-4538-8C5E-6BF8F4F875A9}.Debug|Any CPU.Build.0 = Debug|Any CPU
		{2DB82691-BF15-4538-8C5E-6BF8F4F875A9}.Release|Any CPU.ActiveCfg = Release|Any CPU
		{2DB82691-BF15-4538-8C5E-6BF8F4F875A9}.Release|Any CPU.Build.0 = Release|Any CPU
		{580E68A8-EDEE-4350-8BBE-A053645B0F83}.Debug|Any CPU.ActiveCfg = Debug|Any CPU
		{580E68A8-EDEE-4350-8BBE-A053645B0F83}.Debug|Any CPU.Build.0 = Debug|Any CPU
		{580E68A8-EDEE-4350-8BBE-A053645B0F83}.Release|Any CPU.ActiveCfg = Release|Any CPU
		{580E68A8-EDEE-4350-8BBE-A053645B0F83}.Release|Any CPU.Build.0 = Release|Any CPU
		{BE790BCC-4412-473F-9D0A-5AA48FE7A74F}.Debug|Any CPU.ActiveCfg = Debug|Any CPU
		{BE790BCC-4412-473F-9D0A-5AA48FE7A74F}.Debug|Any CPU.Build.0 = Debug|Any CPU
		{BE790BCC-4412-473F-9D0A-5AA48FE7A74F}.Release|Any CPU.ActiveCfg = Release|Any CPU
		{BE790BCC-4412-473F-9D0A-5AA48FE7A74F}.Release|Any CPU.Build.0 = Release|Any CPU
		{F04F922F-C0CC-45FC-BD33-A758BD1B8B36}.Debug|Any CPU.ActiveCfg = Debug|Any CPU
		{F04F922F-C0CC-45FC-BD33-A758BD1B8B36}.Debug|Any CPU.Build.0 = Debug|Any CPU
		{F04F922F-C0CC-45FC-BD33-A758BD1B8B36}.Release|Any CPU.ActiveCfg = Release|Any CPU
		{F04F922F-C0CC-45FC-BD33-A758BD1B8B36}.Release|Any CPU.Build.0 = Release|Any CPU
		{ACF52FAB-435B-48C9-A383-C787CB2D8000}.Debug|Any CPU.ActiveCfg = Debug|Any CPU
		{ACF52FAB-435B-48C9-A383-C787CB2D8000}.Debug|Any CPU.Build.0 = Debug|Any CPU
		{ACF52FAB-435B-48C9-A383-C787CB2D8000}.Release|Any CPU.ActiveCfg = Release|Any CPU
		{ACF52FAB-435B-48C9-A383-C787CB2D8000}.Release|Any CPU.Build.0 = Release|Any CPU
		{D7C83DB3-492D-4514-8C53-C57AD8E7ACE7}.Debug|Any CPU.ActiveCfg = Debug|Any CPU
		{D7C83DB3-492D-4514-8C53-C57AD8E7ACE7}.Debug|Any CPU.Build.0 = Debug|Any CPU
		{D7C83DB3-492D-4514-8C53-C57AD8E7ACE7}.Release|Any CPU.ActiveCfg = Release|Any CPU
		{D7C83DB3-492D-4514-8C53-C57AD8E7ACE7}.Release|Any CPU.Build.0 = Release|Any CPU
		{7EA4C557-6EF2-4B1F-85C8-5B3F51BAD8DB}.Debug|Any CPU.ActiveCfg = Debug|Any CPU
		{7EA4C557-6EF2-4B1F-85C8-5B3F51BAD8DB}.Debug|Any CPU.Build.0 = Debug|Any CPU
		{7EA4C557-6EF2-4B1F-85C8-5B3F51BAD8DB}.Release|Any CPU.ActiveCfg = Release|Any CPU
		{7EA4C557-6EF2-4B1F-85C8-5B3F51BAD8DB}.Release|Any CPU.Build.0 = Release|Any CPU
		{41D2B68B-031B-44FF-BAC5-7752D9E29F94}.Debug|Any CPU.ActiveCfg = Debug|Any CPU
		{41D2B68B-031B-44FF-BAC5-7752D9E29F94}.Debug|Any CPU.Build.0 = Debug|Any CPU
		{41D2B68B-031B-44FF-BAC5-7752D9E29F94}.Release|Any CPU.ActiveCfg = Release|Any CPU
		{41D2B68B-031B-44FF-BAC5-7752D9E29F94}.Release|Any CPU.Build.0 = Release|Any CPU
		{81412692-F3EE-4FBF-A7C7-69454DD1BD46}.Debug|Any CPU.ActiveCfg = Debug|Any CPU
		{81412692-F3EE-4FBF-A7C7-69454DD1BD46}.Debug|Any CPU.Build.0 = Debug|Any CPU
		{81412692-F3EE-4FBF-A7C7-69454DD1BD46}.Release|Any CPU.ActiveCfg = Release|Any CPU
		{81412692-F3EE-4FBF-A7C7-69454DD1BD46}.Release|Any CPU.Build.0 = Release|Any CPU
		{AA5EEED9-4531-45F7-AFCD-AD9717D2E405}.Debug|Any CPU.ActiveCfg = Debug|Any CPU
		{AA5EEED9-4531-45F7-AFCD-AD9717D2E405}.Debug|Any CPU.Build.0 = Debug|Any CPU
		{AA5EEED9-4531-45F7-AFCD-AD9717D2E405}.Release|Any CPU.ActiveCfg = Release|Any CPU
		{AA5EEED9-4531-45F7-AFCD-AD9717D2E405}.Release|Any CPU.Build.0 = Release|Any CPU
		{04DC09B4-5DF9-44A6-8DD1-05941F0D0228}.Debug|Any CPU.ActiveCfg = Debug|Any CPU
		{04DC09B4-5DF9-44A6-8DD1-05941F0D0228}.Debug|Any CPU.Build.0 = Debug|Any CPU
		{04DC09B4-5DF9-44A6-8DD1-05941F0D0228}.Release|Any CPU.ActiveCfg = Release|Any CPU
		{04DC09B4-5DF9-44A6-8DD1-05941F0D0228}.Release|Any CPU.Build.0 = Release|Any CPU
		{6BDCB0C1-51E1-435A-93D8-CA02BF8E409C}.Debug|Any CPU.ActiveCfg = Debug|Any CPU
		{6BDCB0C1-51E1-435A-93D8-CA02BF8E409C}.Debug|Any CPU.Build.0 = Debug|Any CPU
		{6BDCB0C1-51E1-435A-93D8-CA02BF8E409C}.Release|Any CPU.ActiveCfg = Release|Any CPU
		{6BDCB0C1-51E1-435A-93D8-CA02BF8E409C}.Release|Any CPU.Build.0 = Release|Any CPU
		{DD8FD29E-7424-415C-9BA3-7D9F6ECBA161}.Debug|Any CPU.ActiveCfg = Debug|Any CPU
		{DD8FD29E-7424-415C-9BA3-7D9F6ECBA161}.Debug|Any CPU.Build.0 = Debug|Any CPU
		{DD8FD29E-7424-415C-9BA3-7D9F6ECBA161}.Release|Any CPU.ActiveCfg = Release|Any CPU
		{DD8FD29E-7424-415C-9BA3-7D9F6ECBA161}.Release|Any CPU.Build.0 = Release|Any CPU
		{8DA6C771-9E24-42A0-BDC5-B56D277E99CD}.Debug|Any CPU.ActiveCfg = Debug|Any CPU
		{8DA6C771-9E24-42A0-BDC5-B56D277E99CD}.Debug|Any CPU.Build.0 = Debug|Any CPU
		{8DA6C771-9E24-42A0-BDC5-B56D277E99CD}.Release|Any CPU.ActiveCfg = Release|Any CPU
		{8DA6C771-9E24-42A0-BDC5-B56D277E99CD}.Release|Any CPU.Build.0 = Release|Any CPU
		{F3E06696-0CD2-46EE-B117-A05C1E7E8CD8}.Debug|Any CPU.ActiveCfg = Debug|Any CPU
		{F3E06696-0CD2-46EE-B117-A05C1E7E8CD8}.Debug|Any CPU.Build.0 = Debug|Any CPU
		{F3E06696-0CD2-46EE-B117-A05C1E7E8CD8}.Release|Any CPU.ActiveCfg = Release|Any CPU
		{F3E06696-0CD2-46EE-B117-A05C1E7E8CD8}.Release|Any CPU.Build.0 = Release|Any CPU
	EndGlobalSection
	GlobalSection(SolutionProperties) = preSolution
		HideSolutionNode = FALSE
	EndGlobalSection
	GlobalSection(NestedProjects) = preSolution
		{2DB82691-BF15-4538-8C5E-6BF8F4F875A9} = {07187CAA-7272-4E29-A736-5CBD5118D40B}
		{580E68A8-EDEE-4350-8BBE-A053645B0F83} = {07187CAA-7272-4E29-A736-5CBD5118D40B}
		{BE790BCC-4412-473F-9D0A-5AA48FE7A74F} = {07187CAA-7272-4E29-A736-5CBD5118D40B}
		{F04F922F-C0CC-45FC-BD33-A758BD1B8B36} = {07187CAA-7272-4E29-A736-5CBD5118D40B}
		{ACF52FAB-435B-48C9-A383-C787CB2D8000} = {07187CAA-7272-4E29-A736-5CBD5118D40B}
		{D7C83DB3-492D-4514-8C53-C57AD8E7ACE7} = {07187CAA-7272-4E29-A736-5CBD5118D40B}
		{7EA4C557-6EF2-4B1F-85C8-5B3F51BAD8DB} = {07187CAA-7272-4E29-A736-5CBD5118D40B}
		{41D2B68B-031B-44FF-BAC5-7752D9E29F94} = {07187CAA-7272-4E29-A736-5CBD5118D40B}
		{81412692-F3EE-4FBF-A7C7-69454DD1BD46} = {07187CAA-7272-4E29-A736-5CBD5118D40B}
		{F3E06696-0CD2-46EE-B117-A05C1E7E8CD8} = {07187CAA-7272-4E29-A736-5CBD5118D40B}
		{AA5EEED9-4531-45F7-AFCD-AD9717D2E405} = {099D479D-7BFC-428E-A897-9189C294C9C8}
		{04DC09B4-5DF9-44A6-8DD1-05941F0D0228} = {099D479D-7BFC-428E-A897-9189C294C9C8}
		{6BDCB0C1-51E1-435A-93D8-CA02BF8E409C} = {099D479D-7BFC-428E-A897-9189C294C9C8}
		{DD8FD29E-7424-415C-9BA3-7D9F6ECBA161} = {099D479D-7BFC-428E-A897-9189C294C9C8}
		{8DA6C771-9E24-42A0-BDC5-B56D277E99CD} = {842107F2-46AF-4FF8-BF8B-0907B3C4B6D6}
	EndGlobalSection
EndGlobal
