
Microsoft Visual Studio Solution File, Format Version 10.00
# Visual Studio 2008
Project("{FAE04EC0-301F-11D3-BF4B-00C04F79EFBC}") = "build", "build\build.csproj", "{B8505B10-85C7-45F4-B039-D364DD556D7D}"
EndProject
Project("{FAE04EC0-301F-11D3-BF4B-00C04F79EFBC}") = "boot", "product\boot\boot.csproj", "{2DB82691-BF15-4538-8C5E-6BF8F4F875A9}"
EndProject
Project("{FAE04EC0-301F-11D3-BF4B-00C04F79EFBC}") = "domain", "product\domain\domain.csproj", "{BE790BCC-4412-473F-9D0A-5AA48FE7A74F}"
EndProject
Project("{FAE04EC0-301F-11D3-BF4B-00C04F79EFBC}") = "service", "product\service\service.csproj", "{7EA4C557-6EF2-4B1F-85C8-5B3F51BAD8DB}"
EndProject
Project("{FAE04EC0-301F-11D3-BF4B-00C04F79EFBC}") = "database", "product\database\database.csproj", "{580E68A8-EDEE-4350-8BBE-A053645B0F83}"
EndProject
Project("{FAE04EC0-301F-11D3-BF4B-00C04F79EFBC}") = "dto", "product\dto\dto.csproj", "{ACF52FAB-435B-48C9-A383-C787CB2D8000}"
EndProject
Project("{FAE04EC0-301F-11D3-BF4B-00C04F79EFBC}") = "presentation", "product\presentation\presentation.csproj", "{D7C83DB3-492D-4514-8C53-C57AD8E7ACE7}"
EndProject
Project("{FAE04EC0-301F-11D3-BF4B-00C04F79EFBC}") = "service.contracts", "product\service.contracts\service.contracts.csproj", "{41D2B68B-031B-44FF-BAC5-7752D9E29F94}"
EndProject
Global
	GlobalSection(SolutionConfigurationPlatforms) = preSolution
		Debug|Any CPU = Debug|Any CPU
		Release|Any CPU = Release|Any CPU
	EndGlobalSection
	GlobalSection(ProjectConfigurationPlatforms) = postSolution
		{B8505B10-85C7-45F4-B039-D364DD556D7D}.Debug|Any CPU.ActiveCfg = Debug|Any CPU
		{B8505B10-85C7-45F4-B039-D364DD556D7D}.Debug|Any CPU.Build.0 = Debug|Any CPU
		{B8505B10-85C7-45F4-B039-D364DD556D7D}.Release|Any CPU.ActiveCfg = Release|Any CPU
		{B8505B10-85C7-45F4-B039-D364DD556D7D}.Release|Any CPU.Build.0 = Release|Any CPU
		{2DB82691-BF15-4538-8C5E-6BF8F4F875A9}.Debug|Any CPU.ActiveCfg = Debug|Any CPU
		{2DB82691-BF15-4538-8C5E-6BF8F4F875A9}.Debug|Any CPU.Build.0 = Debug|Any CPU
		{2DB82691-BF15-4538-8C5E-6BF8F4F875A9}.Release|Any CPU.ActiveCfg = Release|Any CPU
		{2DB82691-BF15-4538-8C5E-6BF8F4F875A9}.Release|Any CPU.Build.0 = Release|Any CPU
		{BE790BCC-4412-473F-9D0A-5AA48FE7A74F}.Debug|Any CPU.ActiveCfg = Debug|Any CPU
		{BE790BCC-4412-473F-9D0A-5AA48FE7A74F}.Debug|Any CPU.Build.0 = Debug|Any CPU
		{BE790BCC-4412-473F-9D0A-5AA48FE7A74F}.Release|Any CPU.ActiveCfg = Release|Any CPU
		{BE790BCC-4412-473F-9D0A-5AA48FE7A74F}.Release|Any CPU.Build.0 = Release|Any CPU
		{7EA4C557-6EF2-4B1F-85C8-5B3F51BAD8DB}.Debug|Any CPU.ActiveCfg = Debug|Any CPU
		{7EA4C557-6EF2-4B1F-85C8-5B3F51BAD8DB}.Debug|Any CPU.Build.0 = Debug|Any CPU
		{7EA4C557-6EF2-4B1F-85C8-5B3F51BAD8DB}.Release|Any CPU.ActiveCfg = Release|Any CPU
		{7EA4C557-6EF2-4B1F-85C8-5B3F51BAD8DB}.Release|Any CPU.Build.0 = Release|Any CPU
		{580E68A8-EDEE-4350-8BBE-A053645B0F83}.Debug|Any CPU.ActiveCfg = Debug|Any CPU
		{580E68A8-EDEE-4350-8BBE-A053645B0F83}.Debug|Any CPU.Build.0 = Debug|Any CPU
		{580E68A8-EDEE-4350-8BBE-A053645B0F83}.Release|Any CPU.ActiveCfg = Release|Any CPU
		{580E68A8-EDEE-4350-8BBE-A053645B0F83}.Release|Any CPU.Build.0 = Release|Any CPU
		{ACF52FAB-435B-48C9-A383-C787CB2D8000}.Debug|Any CPU.ActiveCfg = Debug|Any CPU
		{ACF52FAB-435B-48C9-A383-C787CB2D8000}.Debug|Any CPU.Build.0 = Debug|Any CPU
		{ACF52FAB-435B-48C9-A383-C787CB2D8000}.Release|Any CPU.ActiveCfg = Release|Any CPU
		{ACF52FAB-435B-48C9-A383-C787CB2D8000}.Release|Any CPU.Build.0 = Release|Any CPU
		{D7C83DB3-492D-4514-8C53-C57AD8E7ACE7}.Debug|Any CPU.ActiveCfg = Debug|Any CPU
		{D7C83DB3-492D-4514-8C53-C57AD8E7ACE7}.Debug|Any CPU.Build.0 = Debug|Any CPU
		{D7C83DB3-492D-4514-8C53-C57AD8E7ACE7}.Release|Any CPU.ActiveCfg = Release|Any CPU
		{D7C83DB3-492D-4514-8C53-C57AD8E7ACE7}.Release|Any CPU.Build.0 = Release|Any CPU
		{41D2B68B-031B-44FF-BAC5-7752D9E29F94}.Debug|Any CPU.ActiveCfg = Debug|Any CPU
		{41D2B68B-031B-44FF-BAC5-7752D9E29F94}.Debug|Any CPU.Build.0 = Debug|Any CPU
		{41D2B68B-031B-44FF-BAC5-7752D9E29F94}.Release|Any CPU.ActiveCfg = Release|Any CPU
		{41D2B68B-031B-44FF-BAC5-7752D9E29F94}.Release|Any CPU.Build.0 = Release|Any CPU
	EndGlobalSection
	GlobalSection(SolutionProperties) = preSolution
		HideSolutionNode = FALSE
	EndGlobalSection
EndGlobal
