
Microsoft Visual Studio Solution File, Format Version 11.00
# Visual Studio 2010
Project("{2150E333-8FDC-42A3-9474-1A3956D46DE8}") = "client", "client", "{07187CAA-7272-4E29-A736-5CBD5118D40B}"
EndProject
Project("{2150E333-8FDC-42A3-9474-1A3956D46DE8}") = "commons", "commons", "{099D479D-7BFC-428E-A897-9189C294C9C8}"
EndProject
Project("{2150E333-8FDC-42A3-9474-1A3956D46DE8}") = "support", "support", "{842107F2-46AF-4FF8-BF8B-0907B3C4B6D6}"
EndProject
Project("{FAE04EC0-301F-11D3-BF4B-00C04F79EFBC}") = "build", "build\build.csproj", "{B8505B10-85C7-45F4-B039-D364DD556D7D}"
EndProject
Project("{FAE04EC0-301F-11D3-BF4B-00C04F79EFBC}") = "service.infrastructure", "product\client\service.infrastructure\service.infrastructure.csproj", "{81412692-F3EE-4FBF-A7C7-69454DD1BD46}"
EndProject
Project("{FAE04EC0-301F-11D3-BF4B-00C04F79EFBC}") = "infrastructure", "product\commons\infrastructure\infrastructure.csproj", "{AA5EEED9-4531-45F7-AFCD-AD9717D2E405}"
EndProject
Project("{FAE04EC0-301F-11D3-BF4B-00C04F79EFBC}") = "infrastructure.thirdparty", "product\commons\infrastructure.thirdparty\infrastructure.thirdparty.csproj", "{04DC09B4-5DF9-44A6-8DD1-05941F0D0228}"
EndProject
Project("{FAE04EC0-301F-11D3-BF4B-00C04F79EFBC}") = "infrastructure.thirdparty.log4net", "product\commons\infrastructure.thirdparty.log4net\infrastructure.thirdparty.log4net.csproj", "{6BDCB0C1-51E1-435A-93D8-CA02BF8E409C}"
EndProject
Project("{FAE04EC0-301F-11D3-BF4B-00C04F79EFBC}") = "utility", "product\commons\utility\utility.csproj", "{DD8FD29E-7424-415C-9BA3-7D9F6ECBA161}"
EndProject
Project("{FAE04EC0-301F-11D3-BF4B-00C04F79EFBC}") = "client", "product\client\presentation.windows\client.csproj", "{81E2CF6C-4D61-442E-8086-BF1E017C7041}"
EndProject
Project("{FAE04EC0-301F-11D3-BF4B-00C04F79EFBC}") = "server", "product\presentation.windows.server\server.csproj", "{4E60988E-1A43-4807-8CEC-4E13F63DE363}"
EndProject
Project("{FAE04EC0-301F-11D3-BF4B-00C04F79EFBC}") = "common", "product\presentation.windows.common\common.csproj", "{72B22B1E-1B62-41A6-9392-BD5283D17F79}"
EndProject
Global
	GlobalSection(SolutionConfigurationPlatforms) = preSolution
		Debug|Any CPU = Debug|Any CPU
		Release|Any CPU = Release|Any CPU
	EndGlobalSection
	GlobalSection(ProjectConfigurationPlatforms) = postSolution
		{B8505B10-85C7-45F4-B039-D364DD556D7D}.Debug|Any CPU.ActiveCfg = Debug|Any CPU
		{B8505B10-85C7-45F4-B039-D364DD556D7D}.Release|Any CPU.ActiveCfg = Release|Any CPU
		{B8505B10-85C7-45F4-B039-D364DD556D7D}.Release|Any CPU.Build.0 = Release|Any CPU
		{81412692-F3EE-4FBF-A7C7-69454DD1BD46}.Debug|Any CPU.ActiveCfg = Debug|Any CPU
		{81412692-F3EE-4FBF-A7C7-69454DD1BD46}.Debug|Any CPU.Build.0 = Debug|Any CPU
		{81412692-F3EE-4FBF-A7C7-69454DD1BD46}.Release|Any CPU.ActiveCfg = Release|Any CPU
		{81412692-F3EE-4FBF-A7C7-69454DD1BD46}.Release|Any CPU.Build.0 = Release|Any CPU
		{AA5EEED9-4531-45F7-AFCD-AD9717D2E405}.Debug|Any CPU.ActiveCfg = Debug|Any CPU
		{AA5EEED9-4531-45F7-AFCD-AD9717D2E405}.Debug|Any CPU.Build.0 = Debug|Any CPU
		{AA5EEED9-4531-45F7-AFCD-AD9717D2E405}.Release|Any CPU.ActiveCfg = Release|Any CPU
		{AA5EEED9-4531-45F7-AFCD-AD9717D2E405}.Release|Any CPU.Build.0 = Release|Any CPU
		{04DC09B4-5DF9-44A6-8DD1-05941F0D0228}.Debug|Any CPU.ActiveCfg = Debug|Any CPU
		{04DC09B4-5DF9-44A6-8DD1-05941F0D0228}.Debug|Any CPU.Build.0 = Debug|Any CPU
		{04DC09B4-5DF9-44A6-8DD1-05941F0D0228}.Release|Any CPU.ActiveCfg = Release|Any CPU
		{04DC09B4-5DF9-44A6-8DD1-05941F0D0228}.Release|Any CPU.Build.0 = Release|Any CPU
		{6BDCB0C1-51E1-435A-93D8-CA02BF8E409C}.Debug|Any CPU.ActiveCfg = Debug|Any CPU
		{6BDCB0C1-51E1-435A-93D8-CA02BF8E409C}.Debug|Any CPU.Build.0 = Debug|Any CPU
		{6BDCB0C1-51E1-435A-93D8-CA02BF8E409C}.Release|Any CPU.ActiveCfg = Release|Any CPU
		{6BDCB0C1-51E1-435A-93D8-CA02BF8E409C}.Release|Any CPU.Build.0 = Release|Any CPU
		{DD8FD29E-7424-415C-9BA3-7D9F6ECBA161}.Debug|Any CPU.ActiveCfg = Debug|Any CPU
		{DD8FD29E-7424-415C-9BA3-7D9F6ECBA161}.Debug|Any CPU.Build.0 = Debug|Any CPU
		{DD8FD29E-7424-415C-9BA3-7D9F6ECBA161}.Release|Any CPU.ActiveCfg = Release|Any CPU
		{DD8FD29E-7424-415C-9BA3-7D9F6ECBA161}.Release|Any CPU.Build.0 = Release|Any CPU
		{81E2CF6C-4D61-442E-8086-BF1E017C7041}.Debug|Any CPU.ActiveCfg = Debug|Any CPU
		{81E2CF6C-4D61-442E-8086-BF1E017C7041}.Debug|Any CPU.Build.0 = Debug|Any CPU
		{81E2CF6C-4D61-442E-8086-BF1E017C7041}.Release|Any CPU.ActiveCfg = Release|Any CPU
		{81E2CF6C-4D61-442E-8086-BF1E017C7041}.Release|Any CPU.Build.0 = Release|Any CPU
		{4E60988E-1A43-4807-8CEC-4E13F63DE363}.Debug|Any CPU.ActiveCfg = Debug|Any CPU
		{4E60988E-1A43-4807-8CEC-4E13F63DE363}.Debug|Any CPU.Build.0 = Debug|Any CPU
		{4E60988E-1A43-4807-8CEC-4E13F63DE363}.Release|Any CPU.ActiveCfg = Release|Any CPU
		{4E60988E-1A43-4807-8CEC-4E13F63DE363}.Release|Any CPU.Build.0 = Release|Any CPU
		{72B22B1E-1B62-41A6-9392-BD5283D17F79}.Debug|Any CPU.ActiveCfg = Debug|Any CPU
		{72B22B1E-1B62-41A6-9392-BD5283D17F79}.Debug|Any CPU.Build.0 = Debug|Any CPU
		{72B22B1E-1B62-41A6-9392-BD5283D17F79}.Release|Any CPU.ActiveCfg = Release|Any CPU
		{72B22B1E-1B62-41A6-9392-BD5283D17F79}.Release|Any CPU.Build.0 = Release|Any CPU
	EndGlobalSection
	GlobalSection(SolutionProperties) = preSolution
		HideSolutionNode = FALSE
	EndGlobalSection
	GlobalSection(NestedProjects) = preSolution
		{81412692-F3EE-4FBF-A7C7-69454DD1BD46} = {07187CAA-7272-4E29-A736-5CBD5118D40B}
		{81E2CF6C-4D61-442E-8086-BF1E017C7041} = {07187CAA-7272-4E29-A736-5CBD5118D40B}
		{4E60988E-1A43-4807-8CEC-4E13F63DE363} = {07187CAA-7272-4E29-A736-5CBD5118D40B}
		{72B22B1E-1B62-41A6-9392-BD5283D17F79} = {07187CAA-7272-4E29-A736-5CBD5118D40B}
		{AA5EEED9-4531-45F7-AFCD-AD9717D2E405} = {099D479D-7BFC-428E-A897-9189C294C9C8}
		{04DC09B4-5DF9-44A6-8DD1-05941F0D0228} = {099D479D-7BFC-428E-A897-9189C294C9C8}
		{6BDCB0C1-51E1-435A-93D8-CA02BF8E409C} = {099D479D-7BFC-428E-A897-9189C294C9C8}
		{DD8FD29E-7424-415C-9BA3-7D9F6ECBA161} = {099D479D-7BFC-428E-A897-9189C294C9C8}
	EndGlobalSection
EndGlobal
