
Microsoft Visual Studio Solution File, Format Version 10.00
# Visual Studio 2008
Project("{FAE04EC0-301F-11D3-BF4B-00C04F79EFBC}") = "MyMoney.Build", "build\MyMoney.Build.csproj", "{B8505B10-85C7-45F4-B039-D364DD556D7D}"
EndProject
Project("{FAE04EC0-301F-11D3-BF4B-00C04F79EFBC}") = "MyMoney", "product\MyMoney\MyMoney.csproj", "{2DB82691-BF15-4538-8C5E-6BF8F4F875A9}"
EndProject
Project("{FAE04EC0-301F-11D3-BF4B-00C04F79EFBC}") = "Gorilla.Commons.Utility", "product\Gorilla.Commons.Utility\Gorilla.Commons.Utility.csproj", "{DD8FD29E-7424-415C-9BA3-7D9F6ECBA161}"
EndProject
Project("{FAE04EC0-301F-11D3-BF4B-00C04F79EFBC}") = "Gorilla.Commons.Testing", "product\Gorilla.Commons.Testing\Gorilla.Commons.Testing.csproj", "{44E65096-9657-4716-90F8-4535BABE8039}"
EndProject
Project("{FAE04EC0-301F-11D3-BF4B-00C04F79EFBC}") = "MoMoney.Domain", "product\MoMoney.Domain\MoMoney.Domain.csproj", "{BE790BCC-4412-473F-9D0A-5AA48FE7A74F}"
EndProject
Project("{FAE04EC0-301F-11D3-BF4B-00C04F79EFBC}") = "MoMoney.Service", "product\MoMoney.Service\MoMoney.Service.csproj", "{7EA4C557-6EF2-4B1F-85C8-5B3F51BAD8DB}"
EndProject
Project("{FAE04EC0-301F-11D3-BF4B-00C04F79EFBC}") = "MoMoney.DataAccess", "product\MoMoney.DataAccess\MoMoney.DataAccess.csproj", "{580E68A8-EDEE-4350-8BBE-A053645B0F83}"
EndProject
Project("{FAE04EC0-301F-11D3-BF4B-00C04F79EFBC}") = "MoMoney.Infrastructure", "product\MoMoney.Infrastructure\MoMoney.Infrastructure.csproj", "{4E6E2528-3779-4CFC-BC43-F42EE13ED2D0}"
EndProject
Project("{FAE04EC0-301F-11D3-BF4B-00C04F79EFBC}") = "MoMoney.DTO", "product\MoMoney.DTO\MoMoney.DTO.csproj", "{ACF52FAB-435B-48C9-A383-C787CB2D8000}"
EndProject
Project("{FAE04EC0-301F-11D3-BF4B-00C04F79EFBC}") = "MoMoney.Presentation", "product\MoMoney.Presentation\MoMoney.Presentation.csproj", "{D7C83DB3-492D-4514-8C53-C57AD8E7ACE7}"
EndProject
Project("{FAE04EC0-301F-11D3-BF4B-00C04F79EFBC}") = "Gorilla.Commons.Infrastructure", "product\Gorilla.Commons.Infrastructure\Gorilla.Commons.Infrastructure.csproj", "{AA5EEED9-4531-45F7-AFCD-AD9717D2E405}"
EndProject
Global
	GlobalSection(SolutionConfigurationPlatforms) = preSolution
		Debug|Any CPU = Debug|Any CPU
		Release|Any CPU = Release|Any CPU
	EndGlobalSection
	GlobalSection(ProjectConfigurationPlatforms) = postSolution
		{B8505B10-85C7-45F4-B039-D364DD556D7D}.Debug|Any CPU.ActiveCfg = Debug|Any CPU
		{B8505B10-85C7-45F4-B039-D364DD556D7D}.Debug|Any CPU.Build.0 = Debug|Any CPU
		{B8505B10-85C7-45F4-B039-D364DD556D7D}.Release|Any CPU.ActiveCfg = Release|Any CPU
		{B8505B10-85C7-45F4-B039-D364DD556D7D}.Release|Any CPU.Build.0 = Release|Any CPU
		{2DB82691-BF15-4538-8C5E-6BF8F4F875A9}.Debug|Any CPU.ActiveCfg = Debug|Any CPU
		{2DB82691-BF15-4538-8C5E-6BF8F4F875A9}.Debug|Any CPU.Build.0 = Debug|Any CPU
		{2DB82691-BF15-4538-8C5E-6BF8F4F875A9}.Release|Any CPU.ActiveCfg = Release|Any CPU
		{2DB82691-BF15-4538-8C5E-6BF8F4F875A9}.Release|Any CPU.Build.0 = Release|Any CPU
		{DD8FD29E-7424-415C-9BA3-7D9F6ECBA161}.Debug|Any CPU.ActiveCfg = Debug|Any CPU
		{DD8FD29E-7424-415C-9BA3-7D9F6ECBA161}.Debug|Any CPU.Build.0 = Debug|Any CPU
		{DD8FD29E-7424-415C-9BA3-7D9F6ECBA161}.Release|Any CPU.ActiveCfg = Release|Any CPU
		{DD8FD29E-7424-415C-9BA3-7D9F6ECBA161}.Release|Any CPU.Build.0 = Release|Any CPU
		{44E65096-9657-4716-90F8-4535BABE8039}.Debug|Any CPU.ActiveCfg = Debug|Any CPU
		{44E65096-9657-4716-90F8-4535BABE8039}.Debug|Any CPU.Build.0 = Debug|Any CPU
		{44E65096-9657-4716-90F8-4535BABE8039}.Release|Any CPU.ActiveCfg = Release|Any CPU
		{44E65096-9657-4716-90F8-4535BABE8039}.Release|Any CPU.Build.0 = Release|Any CPU
		{BE790BCC-4412-473F-9D0A-5AA48FE7A74F}.Debug|Any CPU.ActiveCfg = Debug|Any CPU
		{BE790BCC-4412-473F-9D0A-5AA48FE7A74F}.Debug|Any CPU.Build.0 = Debug|Any CPU
		{BE790BCC-4412-473F-9D0A-5AA48FE7A74F}.Release|Any CPU.ActiveCfg = Release|Any CPU
		{BE790BCC-4412-473F-9D0A-5AA48FE7A74F}.Release|Any CPU.Build.0 = Release|Any CPU
		{7EA4C557-6EF2-4B1F-85C8-5B3F51BAD8DB}.Debug|Any CPU.ActiveCfg = Debug|Any CPU
		{7EA4C557-6EF2-4B1F-85C8-5B3F51BAD8DB}.Debug|Any CPU.Build.0 = Debug|Any CPU
		{7EA4C557-6EF2-4B1F-85C8-5B3F51BAD8DB}.Release|Any CPU.ActiveCfg = Release|Any CPU
		{7EA4C557-6EF2-4B1F-85C8-5B3F51BAD8DB}.Release|Any CPU.Build.0 = Release|Any CPU
		{580E68A8-EDEE-4350-8BBE-A053645B0F83}.Debug|Any CPU.ActiveCfg = Debug|Any CPU
		{580E68A8-EDEE-4350-8BBE-A053645B0F83}.Debug|Any CPU.Build.0 = Debug|Any CPU
		{580E68A8-EDEE-4350-8BBE-A053645B0F83}.Release|Any CPU.ActiveCfg = Release|Any CPU
		{580E68A8-EDEE-4350-8BBE-A053645B0F83}.Release|Any CPU.Build.0 = Release|Any CPU
		{4E6E2528-3779-4CFC-BC43-F42EE13ED2D0}.Debug|Any CPU.ActiveCfg = Debug|Any CPU
		{4E6E2528-3779-4CFC-BC43-F42EE13ED2D0}.Debug|Any CPU.Build.0 = Debug|Any CPU
		{4E6E2528-3779-4CFC-BC43-F42EE13ED2D0}.Release|Any CPU.ActiveCfg = Release|Any CPU
		{4E6E2528-3779-4CFC-BC43-F42EE13ED2D0}.Release|Any CPU.Build.0 = Release|Any CPU
		{ACF52FAB-435B-48C9-A383-C787CB2D8000}.Debug|Any CPU.ActiveCfg = Debug|Any CPU
		{ACF52FAB-435B-48C9-A383-C787CB2D8000}.Debug|Any CPU.Build.0 = Debug|Any CPU
		{ACF52FAB-435B-48C9-A383-C787CB2D8000}.Release|Any CPU.ActiveCfg = Release|Any CPU
		{ACF52FAB-435B-48C9-A383-C787CB2D8000}.Release|Any CPU.Build.0 = Release|Any CPU
		{D7C83DB3-492D-4514-8C53-C57AD8E7ACE7}.Debug|Any CPU.ActiveCfg = Debug|Any CPU
		{D7C83DB3-492D-4514-8C53-C57AD8E7ACE7}.Debug|Any CPU.Build.0 = Debug|Any CPU
		{D7C83DB3-492D-4514-8C53-C57AD8E7ACE7}.Release|Any CPU.ActiveCfg = Release|Any CPU
		{D7C83DB3-492D-4514-8C53-C57AD8E7ACE7}.Release|Any CPU.Build.0 = Release|Any CPU
		{AA5EEED9-4531-45F7-AFCD-AD9717D2E405}.Debug|Any CPU.ActiveCfg = Debug|Any CPU
		{AA5EEED9-4531-45F7-AFCD-AD9717D2E405}.Debug|Any CPU.Build.0 = Debug|Any CPU
		{AA5EEED9-4531-45F7-AFCD-AD9717D2E405}.Release|Any CPU.ActiveCfg = Release|Any CPU
		{AA5EEED9-4531-45F7-AFCD-AD9717D2E405}.Release|Any CPU.Build.0 = Release|Any CPU
	EndGlobalSection
	GlobalSection(SolutionProperties) = preSolution
		HideSolutionNode = FALSE
	EndGlobalSection
EndGlobal
